
Microsoft Visual Studio Solution File, Format Version 12.00
# Visual Studio 15
VisualStudioVersion = 15.0.27703.2047
MinimumVisualStudioVersion = 10.0.40219.1
Project("{9A19103F-16F7-4668-BE54-9A1E7A4F7556}") = "SIS.HTTP", "SIS.HTTP\SIS.HTTP.csproj", "{E3FAD6A5-4E59-4D86-89D7-D31CDC9F72CD}"
EndProject
Project("{9A19103F-16F7-4668-BE54-9A1E7A4F7556}") = "SIS.WebServer", "SIS.WebServer\SIS.WebServer.csproj", "{89B4FFC1-81D0-49BB-85AE-71B81AFB0CE6}"
EndProject
Project("{FAE04EC0-301F-11D3-BF4B-00C04F79EFBC}") = "SIS.Demo", "SIS.Demo\SIS.Demo.csproj", "{56868F0F-C577-4735-A1FE-53D3C0C2951D}"
EndProject
Global
	GlobalSection(SolutionConfigurationPlatforms) = preSolution
		Debug|Any CPU = Debug|Any CPU
		Release|Any CPU = Release|Any CPU
	EndGlobalSection
	GlobalSection(ProjectConfigurationPlatforms) = postSolution
		{E3FAD6A5-4E59-4D86-89D7-D31CDC9F72CD}.Debug|Any CPU.ActiveCfg = Debug|Any CPU
		{E3FAD6A5-4E59-4D86-89D7-D31CDC9F72CD}.Debug|Any CPU.Build.0 = Debug|Any CPU
		{E3FAD6A5-4E59-4D86-89D7-D31CDC9F72CD}.Release|Any CPU.ActiveCfg = Release|Any CPU
		{E3FAD6A5-4E59-4D86-89D7-D31CDC9F72CD}.Release|Any CPU.Build.0 = Release|Any CPU
		{89B4FFC1-81D0-49BB-85AE-71B81AFB0CE6}.Debug|Any CPU.ActiveCfg = Debug|Any CPU
		{89B4FFC1-81D0-49BB-85AE-71B81AFB0CE6}.Debug|Any CPU.Build.0 = Debug|Any CPU
		{89B4FFC1-81D0-49BB-85AE-71B81AFB0CE6}.Release|Any CPU.ActiveCfg = Release|Any CPU
		{89B4FFC1-81D0-49BB-85AE-71B81AFB0CE6}.Release|Any CPU.Build.0 = Release|Any CPU
		{56868F0F-C577-4735-A1FE-53D3C0C2951D}.Debug|Any CPU.ActiveCfg = Debug|Any CPU
		{56868F0F-C577-4735-A1FE-53D3C0C2951D}.Debug|Any CPU.Build.0 = Debug|Any CPU
		{56868F0F-C577-4735-A1FE-53D3C0C2951D}.Release|Any CPU.ActiveCfg = Release|Any CPU
		{56868F0F-C577-4735-A1FE-53D3C0C2951D}.Release|Any CPU.Build.0 = Release|Any CPU
	EndGlobalSection
	GlobalSection(SolutionProperties) = preSolution
		HideSolutionNode = FALSE
	EndGlobalSection
	GlobalSection(ExtensibilityGlobals) = postSolution
		SolutionGuid = {F6B30799-B7F5-40D1-8AA3-63DB1B52CB59}
	EndGlobalSection
EndGlobal
