
Microsoft Visual Studio Solution File, Format Version 12.00
# Visual Studio 15
VisualStudioVersion = 15.0.27703.2047
MinimumVisualStudioVersion = 10.0.40219.1
Project("{FAE04EC0-301F-11D3-BF4B-00C04F79EFBC}") = "01_Even-Numbers-Thread", "04_Asynchronous-Processing\01_Even-Numbers-Thread.csproj", "{A492AA4B-ABC0-498D-867B-D8FB997A1B1B}"
EndProject
Project("{FAE04EC0-301F-11D3-BF4B-00C04F79EFBC}") = "02_Slice-File", "02_Slice-File\02_Slice-File.csproj", "{D5CE0E5D-1330-4B53-BBA3-CCF8F4CFA8FA}"
EndProject
Project("{FAE04EC0-301F-11D3-BF4B-00C04F79EFBC}") = "03_Simple-Web-Server", "03_Simple-Web-Server\03_Simple-Web-Server.csproj", "{5DF2EA1C-C991-4032-872C-E7F7385CAF84}"
EndProject
Global
	GlobalSection(SolutionConfigurationPlatforms) = preSolution
		Debug|Any CPU = Debug|Any CPU
		Release|Any CPU = Release|Any CPU
	EndGlobalSection
	GlobalSection(ProjectConfigurationPlatforms) = postSolution
		{A492AA4B-ABC0-498D-867B-D8FB997A1B1B}.Debug|Any CPU.ActiveCfg = Debug|Any CPU
		{A492AA4B-ABC0-498D-867B-D8FB997A1B1B}.Debug|Any CPU.Build.0 = Debug|Any CPU
		{A492AA4B-ABC0-498D-867B-D8FB997A1B1B}.Release|Any CPU.ActiveCfg = Release|Any CPU
		{A492AA4B-ABC0-498D-867B-D8FB997A1B1B}.Release|Any CPU.Build.0 = Release|Any CPU
		{D5CE0E5D-1330-4B53-BBA3-CCF8F4CFA8FA}.Debug|Any CPU.ActiveCfg = Debug|Any CPU
		{D5CE0E5D-1330-4B53-BBA3-CCF8F4CFA8FA}.Debug|Any CPU.Build.0 = Debug|Any CPU
		{D5CE0E5D-1330-4B53-BBA3-CCF8F4CFA8FA}.Release|Any CPU.ActiveCfg = Release|Any CPU
		{D5CE0E5D-1330-4B53-BBA3-CCF8F4CFA8FA}.Release|Any CPU.Build.0 = Release|Any CPU
		{5DF2EA1C-C991-4032-872C-E7F7385CAF84}.Debug|Any CPU.ActiveCfg = Debug|Any CPU
		{5DF2EA1C-C991-4032-872C-E7F7385CAF84}.Debug|Any CPU.Build.0 = Debug|Any CPU
		{5DF2EA1C-C991-4032-872C-E7F7385CAF84}.Release|Any CPU.ActiveCfg = Release|Any CPU
		{5DF2EA1C-C991-4032-872C-E7F7385CAF84}.Release|Any CPU.Build.0 = Release|Any CPU
	EndGlobalSection
	GlobalSection(SolutionProperties) = preSolution
		HideSolutionNode = FALSE
	EndGlobalSection
	GlobalSection(ExtensibilityGlobals) = postSolution
		SolutionGuid = {37FA043E-4F22-49B7-90FA-E84A540BAC9C}
	EndGlobalSection
EndGlobal
