
Microsoft Visual Studio Solution File, Format Version 12.00
# Visual Studio 15
VisualStudioVersion = 15.0.27703.2047
MinimumVisualStudioVersion = 10.0.40219.1
Project("{FAE04EC0-301F-11D3-BF4B-00C04F79EFBC}") = "01_HTML-And-CSS", "Test\01_HTML-And-CSS.csproj", "{31CFCA9B-17B5-42CA-BB24-D26765740451}"
EndProject
Global
	GlobalSection(SolutionConfigurationPlatforms) = preSolution
		Debug|Any CPU = Debug|Any CPU
		Release|Any CPU = Release|Any CPU
	EndGlobalSection
	GlobalSection(ProjectConfigurationPlatforms) = postSolution
		{31CFCA9B-17B5-42CA-BB24-D26765740451}.Debug|Any CPU.ActiveCfg = Debug|Any CPU
		{31CFCA9B-17B5-42CA-BB24-D26765740451}.Debug|Any CPU.Build.0 = Debug|Any CPU
		{31CFCA9B-17B5-42CA-BB24-D26765740451}.Release|Any CPU.ActiveCfg = Release|Any CPU
		{31CFCA9B-17B5-42CA-BB24-D26765740451}.Release|Any CPU.Build.0 = Release|Any CPU
	EndGlobalSection
	GlobalSection(SolutionProperties) = preSolution
		HideSolutionNode = FALSE
	EndGlobalSection
	GlobalSection(ExtensibilityGlobals) = postSolution
		SolutionGuid = {6BAB167D-0147-4795-ADCC-0BA68B121286}
	EndGlobalSection
EndGlobal
